<Solution>
  <Project Path="TEngine.Runtime.csproj" />
  <Project Path="MCPForUnity.Runtime.csproj" />
  <Project Path="YooAsset.csproj" />
  <Project Path="Unity.ScriptableBuildPipeline.Editor.csproj" />
  <Project Path="Unity.Mathematics.csproj" />
  <Project Path="HybridCLR.Editor.csproj" />
  <Project Path="Unity.Cinemachine.Editor.csproj" />
  <Project Path="Unity.Collections.csproj" />
  <Project Path="Unity.Entities.UI.Editor.csproj" />
  <Project Path="Unity.Splines.csproj" />
  <Project Path="Unity.PerformanceTesting.Editor.csproj" />
  <Project Path="Unity.Burst.csproj" />
  <Project Path="Nebukam.ORCA.csproj" />
  <Project Path="TEngine.Editor.csproj" />
  <Project Path="Unity.VisualStudio.Editor.csproj" />
  <Project Path="Unity.InputSystem.csproj" />
  <Project Path="Unity.Entities.csproj" />
  <Project Path="MCPForUnity.Editor.csproj" />
  <Project Path="Unity.Scenes.csproj" />
  <Project Path="Unity.Entities.Editor.csproj" />
  <Project Path="YooAsset.RuntimeExtension.csproj" />
  <Project Path="UniTask.csproj" />
  <Project Path="Unity.InternalAPIEngineBridge.002.csproj" />
  <Project Path="YooAsset.MiniGame.csproj" />
  <Project Path="GameProto.csproj" />
  <Project Path="Unity.AI.Navigation.Editor.ConversionSystem.csproj" />
  <Project Path="Unity.Cinemachine.csproj" />
  <Project Path="Unity.Burst.CodeGen.csproj" />
  <Project Path="YooAsset.EditorExtension.csproj" />
  <Project Path="GameLogic.csproj" />
  <Project Path="YooAsset.Editor.csproj" />
  <Project Path="Assembly-CSharp.csproj" />
  <Project Path="Unity.Entities.Hybrid.csproj" />
  <Project Path="Unity.Splines.Editor.csproj" />
  <Project Path="Unity.PerformanceTesting.csproj" />
  <Project Path="Unity.Scenes.Editor.csproj" />
  <Project Path="UniTask.Linq.csproj" />
  <Project Path="Unity.Serialization.csproj" />
  <Project Path="Assembly-CSharp-Editor.csproj" />
  <Project Path="Unity.Burst.Editor.csproj" />
  <Project Path="Unity.Rider.Editor.csproj" />
  <Project Path="BinGames.Sim.csproj" />
  <Project Path="Unity.InternalAPIEditorBridge.002.csproj" />
  <Project Path="Unity.AI.Navigation.Updater.csproj" />
  <Project Path="Unity.Entities.CodeGen.csproj" />
  <Project Path="Unity.Entities.Editor.Properties.csproj" />
  <Project Path="Unity.AI.Navigation.Editor.csproj" />
  <Project Path="Nebukam.Common.csproj" />
  <Project Path="Nebukam.JobAssist.csproj" />
  <Project Path="Unity.InputSystem.ForUI.csproj" />
  <Project Path="Unity.AI.Navigation.csproj" />
  <Project Path="Unity.Collections.CodeGen.csproj" />
  <Project Path="Launcher.csproj" />
  <Project Path="Unity.Entities.Hybrid.HybridComponents.csproj" />
  <Project Path="Unity.Mathematics.Editor.csproj" />
  <Project Path="BinGames.CellArt.Editor.csproj" />
  <Project Path="Unity.Entities.UI.csproj" />
  <Project Path="UniTask.TextMeshPro.csproj" />
  <Project Path="Unity.VSCode.Editor.csproj" />
  <Project Path="Unity.ScriptableBuildPipeline.csproj" />
  <Project Path="Unity.Transforms.csproj" />
  <Project Path="Unity.Entities.Build.csproj" />
  <Project Path="Unity.Settings.Editor.csproj" />
  <Project Path="Unity.InputSystem.TestFramework.csproj" />
  <Project Path="Unity.Profiling.Core.csproj" />
  <Project Path="HybridCLR.Runtime.csproj" />
  <Project Path="Unity.Core.Editor.csproj" />
  <Project Path="UniTask.Editor.csproj" />
  <Project Path="Unity.Mathematics.Extensions.csproj" />
  <Project Path="Unity.Transforms.Hybrid.csproj" />
  <Project Path="Unity.Serialization.Editor.csproj" />
  <Project Path="Unity.InputSystem.DocCodeSamples.csproj" />
  <Project Path="Unity.Jobs.CodeGen.csproj" />
  <Project Path="Nebukam.Common.Editor.csproj" />
  <Project Path="UniTask.YooAsset.csproj" />
  <Project Path="Unity.Deformations.csproj" />
  <Project Path="Unity.Mathematics.Extensions.Hybrid.csproj" />
  <Project Path="UniTask.Addressables.csproj" />
  <Project Path="Unity.Jobs.csproj" />
  <Project Path="Unity.Collections.Editor.csproj" />
  <Project Path="UniTask.DOTween.csproj" />
</Solution>
